Microsoft Visual Studio Solution File, Format Version 12.00
# Visual Studio 2012
Project("{FAE04EC0-301F-11D3-BF4B-00C04F79EFBC}") = "TimeOfDay", "TimeOfDay.csproj", "{CAC43AD5-C989-43D2-8F94-5301AB753B67}"
EndProject
Global
	GlobalSection(SolutionConfigurationPlatforms) = preSolution
	Debug|Any CPU = Debug|Any CPU
	ExportDebug|Any CPU = ExportDebug|Any CPU
	ExportRelease|Any CPU = ExportRelease|Any CPU
	EndGlobalSection
	GlobalSection(ProjectConfigurationPlatforms) = postSolution
		{CAC43AD5-C989-43D2-8F94-5301AB753B67}.Debug|Any CPU.ActiveCfg = Debug|Any CPU
		{CAC43AD5-C989-43D2-8F94-5301AB753B67}.Debug|Any CPU.Build.0 = Debug|Any CPU
		{CAC43AD5-C989-43D2-8F94-5301AB753B67}.ExportDebug|Any CPU.ActiveCfg = ExportDebug|Any CPU
		{CAC43AD5-C989-43D2-8F94-5301AB753B67}.ExportDebug|Any CPU.Build.0 = ExportDebug|Any CPU
		{CAC43AD5-C989-43D2-8F94-5301AB753B67}.ExportRelease|Any CPU.ActiveCfg = ExportRelease|Any CPU
		{CAC43AD5-C989-43D2-8F94-5301AB753B67}.ExportRelease|Any CPU.Build.0 = ExportRelease|Any CPU
	EndGlobalSection
EndGlobal
